
Microsoft Visual Studio Solution File, Format Version 12.00
# Visual Studio Version 17
VisualStudioVersion = 17.10.35201.131
MinimumVisualStudioVersion = 10.0.40219.1
Project("{FAE04EC0-301F-11D3-BF4B-00C04F79EFBC}") = "CacheDotNet8", "CacheDotNet8\CacheDotNet8.csproj", "{434028E7-F447-4D55-BCB6-D822E4CFC285}"
EndProject
Project("{FAE04EC0-301F-11D3-BF4B-00C04F79EFBC}") = "HybridCacheDotNet", "HybridCacheDotNet\HybridCacheDotNet.csproj", "{8C4146C0-2332-40B2-B6EF-F047163F881C}"
EndProject
Global
	GlobalSection(SolutionConfigurationPlatforms) = preSolution
		Debug|Any CPU = Debug|Any CPU
		Release|Any CPU = Release|Any CPU
	EndGlobalSection
	GlobalSection(ProjectConfigurationPlatforms) = postSolution
		{434028E7-F447-4D55-BCB6-D822E4CFC285}.Debug|Any CPU.ActiveCfg = Debug|Any CPU
		{434028E7-F447-4D55-BCB6-D822E4CFC285}.Debug|Any CPU.Build.0 = Debug|Any CPU
		{434028E7-F447-4D55-BCB6-D822E4CFC285}.Release|Any CPU.ActiveCfg = Release|Any CPU
		{434028E7-F447-4D55-BCB6-D822E4CFC285}.Release|Any CPU.Build.0 = Release|Any CPU
		{8C4146C0-2332-40B2-B6EF-F047163F881C}.Debug|Any CPU.ActiveCfg = Debug|Any CPU
		{8C4146C0-2332-40B2-B6EF-F047163F881C}.Debug|Any CPU.Build.0 = Debug|Any CPU
		{8C4146C0-2332-40B2-B6EF-F047163F881C}.Release|Any CPU.ActiveCfg = Release|Any CPU
		{8C4146C0-2332-40B2-B6EF-F047163F881C}.Release|Any CPU.Build.0 = Release|Any CPU
	EndGlobalSection
	GlobalSection(SolutionProperties) = preSolution
		HideSolutionNode = FALSE
	EndGlobalSection
	GlobalSection(ExtensibilityGlobals) = postSolution
		SolutionGuid = {F55A7490-6C0A-4ED3-A733-CA5BBA590F09}
	EndGlobalSection
EndGlobal
